// !$*UTF8*$!
{
	archiveVersion = 1;
	classes = {
	};
	objectVersion = 50;
	objects = {

/* Begin PBXBuildFile section */
		8029D3832394FDB50036AD41 /* Day3.swift in Sources */ = {isa = PBXBuildFile; fileRef = 8029D3822394FDB50036AD41 /* Day3.swift */; };
		8029D387239659C50036AD41 /* Day4.swift in Sources */ = {isa = PBXBuildFile; fileRef = 8029D386239659C50036AD41 /* Day4.swift */; };
		8077C6752392B5C9002BBF2A /* main.swift in Sources */ = {isa = PBXBuildFile; fileRef = 8077C6742392B5C9002BBF2A /* main.swift */; };
		8077C67E2392B5F3002BBF2A /* Input.swift in Sources */ = {isa = PBXBuildFile; fileRef = 8077C67D2392B5F3002BBF2A /* Input.swift */; };
		8077C6802392B5FD002BBF2A /* Day.swift in Sources */ = {isa = PBXBuildFile; fileRef = 8077C67F2392B5FD002BBF2A /* Day.swift */; };
		8077C6822392B613002BBF2A /* Day1.swift in Sources */ = {isa = PBXBuildFile; fileRef = 8077C6812392B613002BBF2A /* Day1.swift */; };
		8077C6852393BF63002BBF2A /* Day2.swift in Sources */ = {isa = PBXBuildFile; fileRef = 8077C6842393BF63002BBF2A /* Day2.swift */; };
/* End PBXBuildFile section */

/* Begin PBXCopyFilesBuildPhase section */
		8077C66F2392B5C9002BBF2A /* CopyFiles */ = {
			isa = PBXCopyFilesBuildPhase;
			buildActionMask = 2147483647;
			dstPath = /usr/share/man/man1/;
			dstSubfolderSpec = 0;
			files = (
			);
			runOnlyForDeploymentPostprocessing = 1;
		};
/* End PBXCopyFilesBuildPhase section */

/* Begin PBXFileReference section */
		8029D3822394FDB50036AD41 /* Day3.swift */ = {isa = PBXFileReference; lastKnownFileType = sourcecode.swift; path = Day3.swift; sourceTree = "<group>"; };
		8029D3842394FDC40036AD41 /* day3.txt */ = {isa = PBXFileReference; lastKnownFileType = text; path = day3.txt; sourceTree = "<group>"; };
		8029D38523964A740036AD41 /* day3sample.txt */ = {isa = PBXFileReference; lastKnownFileType = text; path = day3sample.txt; sourceTree = "<group>"; };
		8029D386239659C50036AD41 /* Day4.swift */ = {isa = PBXFileReference; lastKnownFileType = sourcecode.swift; path = Day4.swift; sourceTree = "<group>"; };
		8029D388239659DE0036AD41 /* day4.txt */ = {isa = PBXFileReference; lastKnownFileType = text; path = day4.txt; sourceTree = "<group>"; };
		8077C6712392B5C9002BBF2A /* AdventOfCode2019 */ = {isa = PBXFileReference; explicitFileType = "compiled.mach-o.executable"; includeInIndex = 0; path = AdventOfCode2019; sourceTree = BUILT_PRODUCTS_DIR; };
		8077C6742392B5C9002BBF2A /* main.swift */ = {isa = PBXFileReference; lastKnownFileType = sourcecode.swift; path = main.swift; sourceTree = "<group>"; };
		8077C67D2392B5F3002BBF2A /* Input.swift */ = {isa = PBXFileReference; lastKnownFileType = sourcecode.swift; path = Input.swift; sourceTree = "<group>"; };
		8077C67F2392B5FD002BBF2A /* Day.swift */ = {isa = PBXFileReference; lastKnownFileType = sourcecode.swift; path = Day.swift; sourceTree = "<group>"; };
		8077C6812392B613002BBF2A /* Day1.swift */ = {isa = PBXFileReference; lastKnownFileType = sourcecode.swift; path = Day1.swift; sourceTree = "<group>"; };
		8077C6832392B634002BBF2A /* day1.txt */ = {isa = PBXFileReference; lastKnownFileType = text; path = day1.txt; sourceTree = "<group>"; };
		8077C6842393BF63002BBF2A /* Day2.swift */ = {isa = PBXFileReference; lastKnownFileType = sourcecode.swift; path = Day2.swift; sourceTree = "<group>"; };
		8077C6862393BF79002BBF2A /* day2.txt */ = {isa = PBXFileReference; lastKnownFileType = text; path = day2.txt; sourceTree = "<group>"; };
/* End PBXFileReference section */

/* Begin PBXFrameworksBuildPhase section */
		8077C66E2392B5C9002BBF2A /* Frameworks */ = {
			isa = PBXFrameworksBuildPhase;
			buildActionMask = 2147483647;
			files = (
			);
			runOnlyForDeploymentPostprocessing = 0;
		};
/* End PBXFrameworksBuildPhase section */

/* Begin PBXGroup section */
		8077C6682392B5C9002BBF2A = {
			isa = PBXGroup;
			children = (
				8077C6732392B5C9002BBF2A /* AdventOfCode2019 */,
				8077C6722392B5C9002BBF2A /* Products */,
			);
			sourceTree = "<group>";
		};
		8077C6722392B5C9002BBF2A /* Products */ = {
			isa = PBXGroup;
			children = (
				8077C6712392B5C9002BBF2A /* AdventOfCode2019 */,
			);
			name = Products;
			sourceTree = "<group>";
		};
		8077C6732392B5C9002BBF2A /* AdventOfCode2019 */ = {
			isa = PBXGroup;
			children = (
				8077C67C2392B5E3002BBF2A /* Solutions */,
				8077C67B2392B5DA002BBF2A /* Inputs */,
				8077C6742392B5C9002BBF2A /* main.swift */,
			);
			path = AdventOfCode2019;
			sourceTree = "<group>";
		};
		8077C67B2392B5DA002BBF2A /* Inputs */ = {
			isa = PBXGroup;
			children = (
				8077C67D2392B5F3002BBF2A /* Input.swift */,
				8077C6832392B634002BBF2A /* day1.txt */,
				8077C6862393BF79002BBF2A /* day2.txt */,
				8029D3842394FDC40036AD41 /* day3.txt */,
				8029D38523964A740036AD41 /* day3sample.txt */,
				8029D388239659DE0036AD41 /* day4.txt */,
			);
			path = Inputs;
			sourceTree = "<group>";
		};
		8077C67C2392B5E3002BBF2A /* Solutions */ = {
			isa = PBXGroup;
			children = (
				8077C67F2392B5FD002BBF2A /* Day.swift */,
				8077C6812392B613002BBF2A /* Day1.swift */,
				8077C6842393BF63002BBF2A /* Day2.swift */,
				8029D3822394FDB50036AD41 /* Day3.swift */,
				8029D386239659C50036AD41 /* Day4.swift */,
			);
			path = Solutions;
			sourceTree = "<group>";
		};
/* End PBXGroup section */

/* Begin PBXNativeTarget section */
		8077C6702392B5C9002BBF2A /* AdventOfCode2019 */ = {
			isa = PBXNativeTarget;
			buildConfigurationList = 8077C6782392B5C9002BBF2A /* Build configuration list for PBXNativeTarget "AdventOfCode2019" */;
			buildPhases = (
				8077C66D2392B5C9002BBF2A /* Sources */,
				8077C66E2392B5C9002BBF2A /* Frameworks */,
				8077C66F2392B5C9002BBF2A /* CopyFiles */,
			);
			buildRules = (
			);
			dependencies = (
			);
			name = AdventOfCode2019;
			productName = AdventOfCode2019;
			productReference = 8077C6712392B5C9002BBF2A /* AdventOfCode2019 */;
			productType = "com.apple.product-type.tool";
		};
/* End PBXNativeTarget section */

/* Begin PBXProject section */
		8077C6692392B5C9002BBF2A /* Project object */ = {
			isa = PBXProject;
			attributes = {
				LastSwiftUpdateCheck = 1120;
				LastUpgradeCheck = 1120;
				ORGANIZATIONNAME = "Lukas Capkovic";
				TargetAttributes = {
					8077C6702392B5C9002BBF2A = {
						CreatedOnToolsVersion = 11.2.1;
					};
				};
			};
			buildConfigurationList = 8077C66C2392B5C9002BBF2A /* Build configuration list for PBXProject "AdventOfCode2019" */;
			compatibilityVersion = "Xcode 9.3";
			developmentRegion = en;
			hasScannedForEncodings = 0;
			knownRegions = (
				en,
				Base,
			);
			mainGroup = 8077C6682392B5C9002BBF2A;
			productRefGroup = 8077C6722392B5C9002BBF2A /* Products */;
			projectDirPath = "";
			projectRoot = "";
			targets = (
				8077C6702392B5C9002BBF2A /* AdventOfCode2019 */,
			);
		};
/* End PBXProject section */

/* Begin PBXSourcesBuildPhase section */
		8077C66D2392B5C9002BBF2A /* Sources */ = {
			isa = PBXSourcesBuildPhase;
			buildActionMask = 2147483647;
			files = (
				8077C6822392B613002BBF2A /* Day1.swift in Sources */,
				8077C6852393BF63002BBF2A /* Day2.swift in Sources */,
				8077C67E2392B5F3002BBF2A /* Input.swift in Sources */,
				8077C6752392B5C9002BBF2A /* main.swift in Sources */,
				8029D387239659C50036AD41 /* Day4.swift in Sources */,
				8029D3832394FDB50036AD41 /* Day3.swift in Sources */,
				8077C6802392B5FD002BBF2A /* Day.swift in Sources */,
			);
			runOnlyForDeploymentPostprocessing = 0;
		};
/* End PBXSourcesBuildPhase section */

/* Begin XCBuildConfiguration section */
		8077C6762392B5C9002BBF2A /* Debug */ = {
			isa = XCBuildConfiguration;
			buildSettings = {
				ALWAYS_SEARCH_USER_PATHS = NO;
				CLANG_ANALYZER_NONNULL = YES;
				CLANG_ANALYZER_NUMBER_OBJECT_CONVERSION = YES_AGGRESSIVE;
				CLANG_CXX_LANGUAGE_STANDARD = "gnu++14";
				CLANG_CXX_LIBRARY = "libc++";
				CLANG_ENABLE_MODULES = YES;
				CLANG_ENABLE_OBJC_ARC = YES;
				CLANG_ENABLE_OBJC_WEAK = YES;
				CLANG_WARN_BLOCK_CAPTURE_AUTORELEASING = YES;
				CLANG_WARN_BOOL_CONVERSION = YES;
				CLANG_WARN_COMMA = YES;
				CLANG_WARN_CONSTANT_CONVERSION = YES;
				CLANG_WARN_DEPRECATED_OBJC_IMPLEMENTATIONS = YES;
				CLANG_WARN_DIRECT_OBJC_ISA_USAGE = YES_ERROR;
				CLANG_WARN_DOCUMENTATION_COMMENTS = YES;
				CLANG_WARN_EMPTY_BODY = YES;
				CLANG_WARN_ENUM_CONVERSION = YES;
				CLANG_WARN_INFINITE_RECURSION = YES;
				CLANG_WARN_INT_CONVERSION = YES;
				CLANG_WARN_NON_LITERAL_NULL_CONVERSION = YES;
				CLANG_WARN_OBJC_IMPLICIT_RETAIN_SELF = YES;
				CLANG_WARN_OBJC_LITERAL_CONVERSION = YES;
				CLANG_WARN_OBJC_ROOT_CLASS = YES_ERROR;
				CLANG_WARN_RANGE_LOOP_ANALYSIS = YES;
				CLANG_WARN_STRICT_PROTOTYPES = YES;
				CLANG_WARN_SUSPICIOUS_MOVE = YES;
				CLANG_WARN_UNGUARDED_AVAILABILITY = YES_AGGRESSIVE;
				CLANG_WARN_UNREACHABLE_CODE = YES;
				CLANG_WARN__DUPLICATE_METHOD_MATCH = YES;
				COPY_PHASE_STRIP = NO;
				DEBUG_INFORMATION_FORMAT = dwarf;
				ENABLE_STRICT_OBJC_MSGSEND = YES;
				ENABLE_TESTABILITY = YES;
				GCC_C_LANGUAGE_STANDARD = gnu11;
				GCC_DYNAMIC_NO_PIC = NO;
				GCC_NO_COMMON_BLOCKS = YES;
				GCC_OPTIMIZATION_LEVEL = 0;
				GCC_PREPROCESSOR_DEFINITIONS = (
					"DEBUG=1",
					"$(inherited)",
				);
				GCC_WARN_64_TO_32_BIT_CONVERSION = YES;
				GCC_WARN_ABOUT_RETURN_TYPE = YES_ERROR;
				GCC_WARN_UNDECLARED_SELECTOR = YES;
				GCC_WARN_UNINITIALIZED_AUTOS = YES_AGGRESSIVE;
				GCC_WARN_UNUSED_FUNCTION = YES;
				GCC_WARN_UNUSED_VARIABLE = YES;
				MACOSX_DEPLOYMENT_TARGET = 10.15;
				MTL_ENABLE_DEBUG_INFO = INCLUDE_SOURCE;
				MTL_FAST_MATH = YES;
				ONLY_ACTIVE_ARCH = YES;
				SDKROOT = macosx;
				SWIFT_ACTIVE_COMPILATION_CONDITIONS = DEBUG;
				SWIFT_OPTIMIZATION_LEVEL = "-Onone";
			};
			name = Debug;
		};
		8077C6772392B5C9002BBF2A /* Release */ = {
			isa = XCBuildConfiguration;
			buildSettings = {
				ALWAYS_SEARCH_USER_PATHS = NO;
				CLANG_ANALYZER_NONNULL = YES;
				CLANG_ANALYZER_NUMBER_OBJECT_CONVERSION = YES_AGGRESSIVE;
				CLANG_CXX_LANGUAGE_STANDARD = "gnu++14";
				CLANG_CXX_LIBRARY = "libc++";
				CLANG_ENABLE_MODULES = YES;
				CLANG_ENABLE_OBJC_ARC = YES;
				CLANG_ENABLE_OBJC_WEAK = YES;
				CLANG_WARN_BLOCK_CAPTURE_AUTORELEASING = YES;
				CLANG_WARN_BOOL_CONVERSION = YES;
				CLANG_WARN_COMMA = YES;
				CLANG_WARN_CONSTANT_CONVERSION = YES;
				CLANG_WARN_DEPRECATED_OBJC_IMPLEMENTATIONS = YES;
				CLANG_WARN_DIRECT_OBJC_ISA_USAGE = YES_ERROR;
				CLANG_WARN_DOCUMENTATION_COMMENTS = YES;
				CLANG_WARN_EMPTY_BODY = YES;
				CLANG_WARN_ENUM_CONVERSION = YES;
				CLANG_WARN_INFINITE_RECURSION = YES;
				CLANG_WARN_INT_CONVERSION = YES;
				CLANG_WARN_NON_LITERAL_NULL_CONVERSION = YES;
				CLANG_WARN_OBJC_IMPLICIT_RETAIN_SELF = YES;
				CLANG_WARN_OBJC_LITERAL_CONVERSION = YES;
				CLANG_WARN_OBJC_ROOT_CLASS = YES_ERROR;
				CLANG_WARN_RANGE_LOOP_ANALYSIS = YES;
				CLANG_WARN_STRICT_PROTOTYPES = YES;
				CLANG_WARN_SUSPICIOUS_MOVE = YES;
				CLANG_WARN_UNGUARDED_AVAILABILITY = YES_AGGRESSIVE;
				CLANG_WARN_UNREACHABLE_CODE = YES;
				CLANG_WARN__DUPLICATE_METHOD_MATCH = YES;
				COPY_PHASE_STRIP = NO;
				DEBUG_INFORMATION_FORMAT = "dwarf-with-dsym";
				ENABLE_NS_ASSERTIONS = NO;
				ENABLE_STRICT_OBJC_MSGSEND = YES;
				GCC_C_LANGUAGE_STANDARD = gnu11;
				GCC_NO_COMMON_BLOCKS = YES;
				GCC_WARN_64_TO_32_BIT_CONVERSION = YES;
				GCC_WARN_ABOUT_RETURN_TYPE = YES_ERROR;
				GCC_WARN_UNDECLARED_SELECTOR = YES;
				GCC_WARN_UNINITIALIZED_AUTOS = YES_AGGRESSIVE;
				GCC_WARN_UNUSED_FUNCTION = YES;
				GCC_WARN_UNUSED_VARIABLE = YES;
				MACOSX_DEPLOYMENT_TARGET = 10.15;
				MTL_ENABLE_DEBUG_INFO = NO;
				MTL_FAST_MATH = YES;
				SDKROOT = macosx;
				SWIFT_COMPILATION_MODE = wholemodule;
				SWIFT_OPTIMIZATION_LEVEL = "-O";
			};
			name = Release;
		};
		8077C6792392B5C9002BBF2A /* Debug */ = {
			isa = XCBuildConfiguration;
			buildSettings = {
				CODE_SIGN_STYLE = Automatic;
				DEVELOPMENT_TEAM = XY673R7RR6;
				ENABLE_HARDENED_RUNTIME = YES;
				PRODUCT_NAME = "$(TARGET_NAME)";
				SWIFT_VERSION = 5.0;
			};
			name = Debug;
		};
		8077C67A2392B5C9002BBF2A /* Release */ = {
			isa = XCBuildConfiguration;
			buildSettings = {
				CODE_SIGN_STYLE = Automatic;
				DEVELOPMENT_TEAM = XY673R7RR6;
				ENABLE_HARDENED_RUNTIME = YES;
				PRODUCT_NAME = "$(TARGET_NAME)";
				SWIFT_VERSION = 5.0;
			};
			name = Release;
		};
/* End XCBuildConfiguration section */

/* Begin XCConfigurationList section */
		8077C66C2392B5C9002BBF2A /* Build configuration list for PBXProject "AdventOfCode2019" */ = {
			isa = XCConfigurationList;
			buildConfigurations = (
				8077C6762392B5C9002BBF2A /* Debug */,
				8077C6772392B5C9002BBF2A /* Release */,
			);
			defaultConfigurationIsVisible = 0;
			defaultConfigurationName = Release;
		};
		8077C6782392B5C9002BBF2A /* Build configuration list for PBXNativeTarget "AdventOfCode2019" */ = {
			isa = XCConfigurationList;
			buildConfigurations = (
				8077C6792392B5C9002BBF2A /* Debug */,
				8077C67A2392B5C9002BBF2A /* Release */,
			);
			defaultConfigurationIsVisible = 0;
			defaultConfigurationName = Release;
		};
/* End XCConfigurationList section */
	};
	rootObject = 8077C6692392B5C9002BBF2A /* Project object */;
}
